
Microsoft Visual Studio Solution File, Format Version 12.00
# Visual Studio Version 17
VisualStudioVersion = 17.10.35004.147
MinimumVisualStudioVersion = 10.0.40219.1
Project("{FAE04EC0-301F-11D3-BF4B-00C04F79EFBC}") = "PerfectPay", "PerfectPay\PerfectPay.csproj", "{2AE186E8-3AE5-4171-9E48-B3F104B90355}"
EndProject
Global
	GlobalSection(SolutionConfigurationPlatforms) = preSolution
		Debug|Any CPU = Debug|Any CPU
		Release|Any CPU = Release|Any CPU
	EndGlobalSection
	GlobalSection(ProjectConfigurationPlatforms) = postSolution
		{2AE186E8-3AE5-4171-9E48-B3F104B90355}.Debug|Any CPU.ActiveCfg = Debug|Any CPU
		{2AE186E8-3AE5-4171-9E48-B3F104B90355}.Debug|Any CPU.Build.0 = Debug|Any CPU
		{2AE186E8-3AE5-4171-9E48-B3F104B90355}.Debug|Any CPU.Deploy.0 = Debug|Any CPU
		{2AE186E8-3AE5-4171-9E48-B3F104B90355}.Release|Any CPU.ActiveCfg = Release|Any CPU
		{2AE186E8-3AE5-4171-9E48-B3F104B90355}.Release|Any CPU.Build.0 = Release|Any CPU
		{2AE186E8-3AE5-4171-9E48-B3F104B90355}.Release|Any CPU.Deploy.0 = Release|Any CPU
	EndGlobalSection
	GlobalSection(SolutionProperties) = preSolution
		HideSolutionNode = FALSE
	EndGlobalSection
	GlobalSection(ExtensibilityGlobals) = postSolution
		SolutionGuid = {3B3DEE3C-7F2D-4FAE-968F-4F9878DF623C}
	EndGlobalSection
EndGlobal
